// !$*UTF8*$!
{
	archiveVersion = 1;
	classes = {
	};
	objectVersion = 55;
	objects = {

/* Begin PBXBuildFile section */
		37E07DEB27E7B1F800D41DEE /* JSON_placeholder_iosApp.swift in Sources */ = {isa = PBXBuildFile; fileRef = 37E07DEA27E7B1F800D41DEE /* JSON_placeholder_iosApp.swift */; };
		37E07DED27E7B1F800D41DEE /* ContentView.swift in Sources */ = {isa = PBXBuildFile; fileRef = 37E07DEC27E7B1F800D41DEE /* ContentView.swift */; };
		37E07DEF27E7B1FB00D41DEE /* Assets.xcassets in Resources */ = {isa = PBXBuildFile; fileRef = 37E07DEE27E7B1FB00D41DEE /* Assets.xcassets */; };
		37E07DF227E7B1FB00D41DEE /* Preview Assets.xcassets in Resources */ = {isa = PBXBuildFile; fileRef = 37E07DF127E7B1FB00D41DEE /* Preview Assets.xcassets */; };
		37E07DFC27E7B1FB00D41DEE /* JSON_placeholder_iosTests.swift in Sources */ = {isa = PBXBuildFile; fileRef = 37E07DFB27E7B1FB00D41DEE /* JSON_placeholder_iosTests.swift */; };
		37E07E0627E7B1FB00D41DEE /* JSON_placeholder_iosUITests.swift in Sources */ = {isa = PBXBuildFile; fileRef = 37E07E0527E7B1FB00D41DEE /* JSON_placeholder_iosUITests.swift */; };
		37E07E0827E7B1FB00D41DEE /* JSON_placeholder_iosUITestsLaunchTests.swift in Sources */ = {isa = PBXBuildFile; fileRef = 37E07E0727E7B1FB00D41DEE /* JSON_placeholder_iosUITestsLaunchTests.swift */; };
		37F2C2D827E7B58E0059DA00 /* Post.swift in Sources */ = {isa = PBXBuildFile; fileRef = 37F2C2D727E7B58E0059DA00 /* Post.swift */; };
		37F2C2DA27E7B5EE0059DA00 /* Comment.swift in Sources */ = {isa = PBXBuildFile; fileRef = 37F2C2D927E7B5EE0059DA00 /* Comment.swift */; };
		37F2C2DC27E7B63C0059DA00 /* User.swift in Sources */ = {isa = PBXBuildFile; fileRef = 37F2C2DB27E7B63C0059DA00 /* User.swift */; };
		37F2C2DF27E7B7810059DA00 /* UserDefaultsManager.swift in Sources */ = {isa = PBXBuildFile; fileRef = 37F2C2DE27E7B7810059DA00 /* UserDefaultsManager.swift */; };
		37F2C2E327E7BC9D0059DA00 /* Home.swift in Sources */ = {isa = PBXBuildFile; fileRef = 37F2C2E227E7BC9D0059DA00 /* Home.swift */; };
		37F2C2E527E7C24F0059DA00 /* PostOverview.swift in Sources */ = {isa = PBXBuildFile; fileRef = 37F2C2E427E7C24F0059DA00 /* PostOverview.swift */; };
		37F2C2E727E7C73D0059DA00 /* HomeViewModel.swift in Sources */ = {isa = PBXBuildFile; fileRef = 37F2C2E627E7C73D0059DA00 /* HomeViewModel.swift */; };
		37F2C2E927E7C7C50059DA00 /* JSONPlaceholderMappings.swift in Sources */ = {isa = PBXBuildFile; fileRef = 37F2C2E827E7C7C50059DA00 /* JSONPlaceholderMappings.swift */; };
		37F2C2EB27E7D5A90059DA00 /* PostOverviewViewModel.swift in Sources */ = {isa = PBXBuildFile; fileRef = 37F2C2EA27E7D5A80059DA00 /* PostOverviewViewModel.swift */; };
		37F2C2ED27E7FB6C0059DA00 /* README.md in Resources */ = {isa = PBXBuildFile; fileRef = 37F2C2EC27E7FB6C0059DA00 /* README.md */; };
		37F2C2F227E7FEC90059DA00 /* home.png in Resources */ = {isa = PBXBuildFile; fileRef = 37F2C2F127E7FEC90059DA00 /* home.png */; };
		37F2C2F427E7FF120059DA00 /* description.png in Resources */ = {isa = PBXBuildFile; fileRef = 37F2C2F327E7FF120059DA00 /* description.png */; };
		37F2C2F627E7FF300059DA00 /* deleting.png in Resources */ = {isa = PBXBuildFile; fileRef = 37F2C2F527E7FF300059DA00 /* deleting.png */; };
		9E2EE00862A622AD10EE5B1A /* Pods_JSON_placeholder_ios_JSON_placeholder_iosUITests.framework in Frameworks */ = {isa = PBXBuildFile; fileRef = DAA90CC5A7EB77669A05333C /* Pods_JSON_placeholder_ios_JSON_placeholder_iosUITests.framework */; };
		BEED4A9131738614A1C76023 /* Pods_JSON_placeholder_iosTests.framework in Frameworks */ = {isa = PBXBuildFile; fileRef = F2A2A9C62CE036C7C871522F /* Pods_JSON_placeholder_iosTests.framework */; };
		F7F5DFC7E3268E7C6F0D55D1 /* Pods_JSON_placeholder_ios.framework in Frameworks */ = {isa = PBXBuildFile; fileRef = 9DE5A2A5B0C0D280E8E97805 /* Pods_JSON_placeholder_ios.framework */; };
/* End PBXBuildFile section */

/* Begin PBXContainerItemProxy section */
		37E07DF827E7B1FB00D41DEE /* PBXContainerItemProxy */ = {
			isa = PBXContainerItemProxy;
			containerPortal = 37E07DDF27E7B1F800D41DEE /* Project object */;
			proxyType = 1;
			remoteGlobalIDString = 37E07DE627E7B1F800D41DEE;
			remoteInfo = "JSON-placeholder-ios";
		};
		37E07E0227E7B1FB00D41DEE /* PBXContainerItemProxy */ = {
			isa = PBXContainerItemProxy;
			containerPortal = 37E07DDF27E7B1F800D41DEE /* Project object */;
			proxyType = 1;
			remoteGlobalIDString = 37E07DE627E7B1F800D41DEE;
			remoteInfo = "JSON-placeholder-ios";
		};
/* End PBXContainerItemProxy section */

/* Begin PBXFileReference section */
		2474180C79D46BECFC76051B /* Pods-JSON-placeholder-iosTests.debug.xcconfig */ = {isa = PBXFileReference; includeInIndex = 1; lastKnownFileType = text.xcconfig; name = "Pods-JSON-placeholder-iosTests.debug.xcconfig"; path = "Target Support Files/Pods-JSON-placeholder-iosTests/Pods-JSON-placeholder-iosTests.debug.xcconfig"; sourceTree = "<group>"; };
		2AF8F84792B03BEFFB6B4AB9 /* Pods-JSON-placeholder-ios.debug.xcconfig */ = {isa = PBXFileReference; includeInIndex = 1; lastKnownFileType = text.xcconfig; name = "Pods-JSON-placeholder-ios.debug.xcconfig"; path = "Target Support Files/Pods-JSON-placeholder-ios/Pods-JSON-placeholder-ios.debug.xcconfig"; sourceTree = "<group>"; };
		37E07DE727E7B1F800D41DEE /* JSON-placeholder-ios.app */ = {isa = PBXFileReference; explicitFileType = wrapper.application; includeInIndex = 0; path = "JSON-placeholder-ios.app"; sourceTree = BUILT_PRODUCTS_DIR; };
		37E07DEA27E7B1F800D41DEE /* JSON_placeholder_iosApp.swift */ = {isa = PBXFileReference; lastKnownFileType = sourcecode.swift; path = JSON_placeholder_iosApp.swift; sourceTree = "<group>"; };
		37E07DEC27E7B1F800D41DEE /* ContentView.swift */ = {isa = PBXFileReference; lastKnownFileType = sourcecode.swift; path = ContentView.swift; sourceTree = "<group>"; };
		37E07DEE27E7B1FB00D41DEE /* Assets.xcassets */ = {isa = PBXFileReference; lastKnownFileType = folder.assetcatalog; path = Assets.xcassets; sourceTree = "<group>"; };
		37E07DF127E7B1FB00D41DEE /* Preview Assets.xcassets */ = {isa = PBXFileReference; lastKnownFileType = folder.assetcatalog; path = "Preview Assets.xcassets"; sourceTree = "<group>"; };
		37E07DF727E7B1FB00D41DEE /* JSON-placeholder-iosTests.xctest */ = {isa = PBXFileReference; explicitFileType = wrapper.cfbundle; includeInIndex = 0; path = "JSON-placeholder-iosTests.xctest"; sourceTree = BUILT_PRODUCTS_DIR; };
		37E07DFB27E7B1FB00D41DEE /* JSON_placeholder_iosTests.swift */ = {isa = PBXFileReference; lastKnownFileType = sourcecode.swift; path = JSON_placeholder_iosTests.swift; sourceTree = "<group>"; };
		37E07E0127E7B1FB00D41DEE /* JSON-placeholder-iosUITests.xctest */ = {isa = PBXFileReference; explicitFileType = wrapper.cfbundle; includeInIndex = 0; path = "JSON-placeholder-iosUITests.xctest"; sourceTree = BUILT_PRODUCTS_DIR; };
		37E07E0527E7B1FB00D41DEE /* JSON_placeholder_iosUITests.swift */ = {isa = PBXFileReference; lastKnownFileType = sourcecode.swift; path = JSON_placeholder_iosUITests.swift; sourceTree = "<group>"; };
		37E07E0727E7B1FB00D41DEE /* JSON_placeholder_iosUITestsLaunchTests.swift */ = {isa = PBXFileReference; lastKnownFileType = sourcecode.swift; path = JSON_placeholder_iosUITestsLaunchTests.swift; sourceTree = "<group>"; };
		37F2C2D727E7B58E0059DA00 /* Post.swift */ = {isa = PBXFileReference; lastKnownFileType = sourcecode.swift; path = Post.swift; sourceTree = "<group>"; };
		37F2C2D927E7B5EE0059DA00 /* Comment.swift */ = {isa = PBXFileReference; lastKnownFileType = sourcecode.swift; path = Comment.swift; sourceTree = "<group>"; };
		37F2C2DB27E7B63C0059DA00 /* User.swift */ = {isa = PBXFileReference; lastKnownFileType = sourcecode.swift; path = User.swift; sourceTree = "<group>"; };
		37F2C2DE27E7B7810059DA00 /* UserDefaultsManager.swift */ = {isa = PBXFileReference; lastKnownFileType = sourcecode.swift; path = UserDefaultsManager.swift; sourceTree = "<group>"; };
		37F2C2E227E7BC9D0059DA00 /* Home.swift */ = {isa = PBXFileReference; lastKnownFileType = sourcecode.swift; path = Home.swift; sourceTree = "<group>"; };
		37F2C2E427E7C24F0059DA00 /* PostOverview.swift */ = {isa = PBXFileReference; lastKnownFileType = sourcecode.swift; path = PostOverview.swift; sourceTree = "<group>"; };
		37F2C2E627E7C73D0059DA00 /* HomeViewModel.swift */ = {isa = PBXFileReference; lastKnownFileType = sourcecode.swift; path = HomeViewModel.swift; sourceTree = "<group>"; };
		37F2C2E827E7C7C50059DA00 /* JSONPlaceholderMappings.swift */ = {isa = PBXFileReference; lastKnownFileType = sourcecode.swift; path = JSONPlaceholderMappings.swift; sourceTree = "<group>"; };
		37F2C2EA27E7D5A80059DA00 /* PostOverviewViewModel.swift */ = {isa = PBXFileReference; lastKnownFileType = sourcecode.swift; path = PostOverviewViewModel.swift; sourceTree = "<group>"; };
		37F2C2EC27E7FB6C0059DA00 /* README.md */ = {isa = PBXFileReference; fileEncoding = 4; lastKnownFileType = net.daringfireball.markdown; path = README.md; sourceTree = "<group>"; };
		37F2C2F127E7FEC90059DA00 /* home.png */ = {isa = PBXFileReference; lastKnownFileType = image.png; path = home.png; sourceTree = "<group>"; };
		37F2C2F327E7FF120059DA00 /* description.png */ = {isa = PBXFileReference; lastKnownFileType = image.png; path = description.png; sourceTree = "<group>"; };
		37F2C2F527E7FF300059DA00 /* deleting.png */ = {isa = PBXFileReference; lastKnownFileType = image.png; path = deleting.png; sourceTree = "<group>"; };
		4AFBABFE426E461A27D7D0C8 /* Pods-JSON-placeholder-ios-JSON-placeholder-iosUITests.debug.xcconfig */ = {isa = PBXFileReference; includeInIndex = 1; lastKnownFileType = text.xcconfig; name = "Pods-JSON-placeholder-ios-JSON-placeholder-iosUITests.debug.xcconfig"; path = "Target Support Files/Pods-JSON-placeholder-ios-JSON-placeholder-iosUITests/Pods-JSON-placeholder-ios-JSON-placeholder-iosUITests.debug.xcconfig"; sourceTree = "<group>"; };
		6929E5C0F79C224027DBEE50 /* Pods-JSON-placeholder-iosTests.release.xcconfig */ = {isa = PBXFileReference; includeInIndex = 1; lastKnownFileType = text.xcconfig; name = "Pods-JSON-placeholder-iosTests.release.xcconfig"; path = "Target Support Files/Pods-JSON-placeholder-iosTests/Pods-JSON-placeholder-iosTests.release.xcconfig"; sourceTree = "<group>"; };
		7CDBB3F18B143569AE791A32 /* Pods-JSON-placeholder-ios.release.xcconfig */ = {isa = PBXFileReference; includeInIndex = 1; lastKnownFileType = text.xcconfig; name = "Pods-JSON-placeholder-ios.release.xcconfig"; path = "Target Support Files/Pods-JSON-placeholder-ios/Pods-JSON-placeholder-ios.release.xcconfig"; sourceTree = "<group>"; };
		9DE5A2A5B0C0D280E8E97805 /* Pods_JSON_placeholder_ios.framework */ = {isa = PBXFileReference; explicitFileType = wrapper.framework; includeInIndex = 0; path = Pods_JSON_placeholder_ios.framework; sourceTree = BUILT_PRODUCTS_DIR; };
		DAA90CC5A7EB77669A05333C /* Pods_JSON_placeholder_ios_JSON_placeholder_iosUITests.framework */ = {isa = PBXFileReference; explicitFileType = wrapper.framework; includeInIndex = 0; path = Pods_JSON_placeholder_ios_JSON_placeholder_iosUITests.framework; sourceTree = BUILT_PRODUCTS_DIR; };
		F2A2A9C62CE036C7C871522F /* Pods_JSON_placeholder_iosTests.framework */ = {isa = PBXFileReference; explicitFileType = wrapper.framework; includeInIndex = 0; path = Pods_JSON_placeholder_iosTests.framework; sourceTree = BUILT_PRODUCTS_DIR; };
		F808DB4B7494818A2087E46F /* Pods-JSON-placeholder-ios-JSON-placeholder-iosUITests.release.xcconfig */ = {isa = PBXFileReference; includeInIndex = 1; lastKnownFileType = text.xcconfig; name = "Pods-JSON-placeholder-ios-JSON-placeholder-iosUITests.release.xcconfig"; path = "Target Support Files/Pods-JSON-placeholder-ios-JSON-placeholder-iosUITests/Pods-JSON-placeholder-ios-JSON-placeholder-iosUITests.release.xcconfig"; sourceTree = "<group>"; };
/* End PBXFileReference section */

/* Begin PBXFrameworksBuildPhase section */
		37E07DE427E7B1F800D41DEE /* Frameworks */ = {
			isa = PBXFrameworksBuildPhase;
			buildActionMask = 2147483647;
			files = (
				F7F5DFC7E3268E7C6F0D55D1 /* Pods_JSON_placeholder_ios.framework in Frameworks */,
			);
			runOnlyForDeploymentPostprocessing = 0;
		};
		37E07DF427E7B1FB00D41DEE /* Frameworks */ = {
			isa = PBXFrameworksBuildPhase;
			buildActionMask = 2147483647;
			files = (
				BEED4A9131738614A1C76023 /* Pods_JSON_placeholder_iosTests.framework in Frameworks */,
			);
			runOnlyForDeploymentPostprocessing = 0;
		};
		37E07DFE27E7B1FB00D41DEE /* Frameworks */ = {
			isa = PBXFrameworksBuildPhase;
			buildActionMask = 2147483647;
			files = (
				9E2EE00862A622AD10EE5B1A /* Pods_JSON_placeholder_ios_JSON_placeholder_iosUITests.framework in Frameworks */,
			);
			runOnlyForDeploymentPostprocessing = 0;
		};
/* End PBXFrameworksBuildPhase section */

/* Begin PBXGroup section */
		37E07DDE27E7B1F800D41DEE = {
			isa = PBXGroup;
			children = (
				37F2C2EE27E7FE4E0059DA00 /* README_images */,
				37F2C2EC27E7FB6C0059DA00 /* README.md */,
				37E07DE927E7B1F800D41DEE /* JSON-placeholder-ios */,
				37E07DFA27E7B1FB00D41DEE /* JSON-placeholder-iosTests */,
				37E07E0427E7B1FB00D41DEE /* JSON-placeholder-iosUITests */,
				37E07DE827E7B1F800D41DEE /* Products */,
				C5ED4561D8AAD58DA0A86FCE /* Pods */,
				E349AB106F8E2BCD3BCC8499 /* Frameworks */,
			);
			sourceTree = "<group>";
		};
		37E07DE827E7B1F800D41DEE /* Products */ = {
			isa = PBXGroup;
			children = (
				37E07DE727E7B1F800D41DEE /* JSON-placeholder-ios.app */,
				37E07DF727E7B1FB00D41DEE /* JSON-placeholder-iosTests.xctest */,
				37E07E0127E7B1FB00D41DEE /* JSON-placeholder-iosUITests.xctest */,
			);
			name = Products;
			sourceTree = "<group>";
		};
		37E07DE927E7B1F800D41DEE /* JSON-placeholder-ios */ = {
			isa = PBXGroup;
			children = (
				37F2C2DD27E7B7490059DA00 /* Utils */,
				37F2C2D227E7B3930059DA00 /* ViewModels */,
				37F2C2D127E7B38A0059DA00 /* Models */,
				37F2C2D027E7B3830059DA00 /* Views */,
				37E07DEA27E7B1F800D41DEE /* JSON_placeholder_iosApp.swift */,
				37E07DEC27E7B1F800D41DEE /* ContentView.swift */,
				37E07DEE27E7B1FB00D41DEE /* Assets.xcassets */,
				37E07DF027E7B1FB00D41DEE /* Preview Content */,
			);
			path = "JSON-placeholder-ios";
			sourceTree = "<group>";
		};
		37E07DF027E7B1FB00D41DEE /* Preview Content */ = {
			isa = PBXGroup;
			children = (
				37E07DF127E7B1FB00D41DEE /* Preview Assets.xcassets */,
			);
			path = "Preview Content";
			sourceTree = "<group>";
		};
		37E07DFA27E7B1FB00D41DEE /* JSON-placeholder-iosTests */ = {
			isa = PBXGroup;
			children = (
				37E07DFB27E7B1FB00D41DEE /* JSON_placeholder_iosTests.swift */,
			);
			path = "JSON-placeholder-iosTests";
			sourceTree = "<group>";
		};
		37E07E0427E7B1FB00D41DEE /* JSON-placeholder-iosUITests */ = {
			isa = PBXGroup;
			children = (
				37E07E0527E7B1FB00D41DEE /* JSON_placeholder_iosUITests.swift */,
				37E07E0727E7B1FB00D41DEE /* JSON_placeholder_iosUITestsLaunchTests.swift */,
			);
			path = "JSON-placeholder-iosUITests";
			sourceTree = "<group>";
		};
		37F2C2D027E7B3830059DA00 /* Views */ = {
			isa = PBXGroup;
			children = (
				37F2C2E127E7BC860059DA00 /* Pages */,
				37F2C2E027E7BC7E0059DA00 /* Components */,
			);
			path = Views;
			sourceTree = "<group>";
		};
		37F2C2D127E7B38A0059DA00 /* Models */ = {
			isa = PBXGroup;
			children = (
				37F2C2D727E7B58E0059DA00 /* Post.swift */,
				37F2C2D927E7B5EE0059DA00 /* Comment.swift */,
				37F2C2DB27E7B63C0059DA00 /* User.swift */,
			);
			path = Models;
			sourceTree = "<group>";
		};
		37F2C2D227E7B3930059DA00 /* ViewModels */ = {
			isa = PBXGroup;
			children = (
				37F2C2E627E7C73D0059DA00 /* HomeViewModel.swift */,
				37F2C2EA27E7D5A80059DA00 /* PostOverviewViewModel.swift */,
			);
			path = ViewModels;
			sourceTree = "<group>";
		};
		37F2C2DD27E7B7490059DA00 /* Utils */ = {
			isa = PBXGroup;
			children = (
				37F2C2DE27E7B7810059DA00 /* UserDefaultsManager.swift */,
				37F2C2E827E7C7C50059DA00 /* JSONPlaceholderMappings.swift */,
			);
			path = Utils;
			sourceTree = "<group>";
		};
		37F2C2E027E7BC7E0059DA00 /* Components */ = {
			isa = PBXGroup;
			children = (
			);
			path = Components;
			sourceTree = "<group>";
		};
		37F2C2E127E7BC860059DA00 /* Pages */ = {
			isa = PBXGroup;
			children = (
				37F2C2E227E7BC9D0059DA00 /* Home.swift */,
				37F2C2E427E7C24F0059DA00 /* PostOverview.swift */,
			);
			path = Pages;
			sourceTree = "<group>";
		};
		37F2C2EE27E7FE4E0059DA00 /* README_images */ = {
			isa = PBXGroup;
			children = (
				37F2C2F527E7FF300059DA00 /* deleting.png */,
				37F2C2F327E7FF120059DA00 /* description.png */,
				37F2C2F127E7FEC90059DA00 /* home.png */,
			);
			path = README_images;
			sourceTree = "<group>";
		};
		C5ED4561D8AAD58DA0A86FCE /* Pods */ = {
			isa = PBXGroup;
			children = (
				2AF8F84792B03BEFFB6B4AB9 /* Pods-JSON-placeholder-ios.debug.xcconfig */,
				7CDBB3F18B143569AE791A32 /* Pods-JSON-placeholder-ios.release.xcconfig */,
				4AFBABFE426E461A27D7D0C8 /* Pods-JSON-placeholder-ios-JSON-placeholder-iosUITests.debug.xcconfig */,
				F808DB4B7494818A2087E46F /* Pods-JSON-placeholder-ios-JSON-placeholder-iosUITests.release.xcconfig */,
				2474180C79D46BECFC76051B /* Pods-JSON-placeholder-iosTests.debug.xcconfig */,
				6929E5C0F79C224027DBEE50 /* Pods-JSON-placeholder-iosTests.release.xcconfig */,
			);
			path = Pods;
			sourceTree = "<group>";
		};
		E349AB106F8E2BCD3BCC8499 /* Frameworks */ = {
			isa = PBXGroup;
			children = (
				9DE5A2A5B0C0D280E8E97805 /* Pods_JSON_placeholder_ios.framework */,
				DAA90CC5A7EB77669A05333C /* Pods_JSON_placeholder_ios_JSON_placeholder_iosUITests.framework */,
				F2A2A9C62CE036C7C871522F /* Pods_JSON_placeholder_iosTests.framework */,
			);
			name = Frameworks;
			sourceTree = "<group>";
		};
/* End PBXGroup section */

/* Begin PBXNativeTarget section */
		37E07DE627E7B1F800D41DEE /* JSON-placeholder-ios */ = {
			isa = PBXNativeTarget;
			buildConfigurationList = 37E07E0B27E7B1FB00D41DEE /* Build configuration list for PBXNativeTarget "JSON-placeholder-ios" */;
			buildPhases = (
				62B2D731D48FB56B9C75BCB3 /* [CP] Check Pods Manifest.lock */,
				37E07DE327E7B1F800D41DEE /* Sources */,
				37E07DE427E7B1F800D41DEE /* Frameworks */,
				37E07DE527E7B1F800D41DEE /* Resources */,
				9067AB5205CB2A4AC9EFFF17 /* [CP] Embed Pods Frameworks */,
			);
			buildRules = (
			);
			dependencies = (
			);
			name = "JSON-placeholder-ios";
			productName = "JSON-placeholder-ios";
			productReference = 37E07DE727E7B1F800D41DEE /* JSON-placeholder-ios.app */;
			productType = "com.apple.product-type.application";
		};
		37E07DF627E7B1FB00D41DEE /* JSON-placeholder-iosTests */ = {
			isa = PBXNativeTarget;
			buildConfigurationList = 37E07E0E27E7B1FB00D41DEE /* Build configuration list for PBXNativeTarget "JSON-placeholder-iosTests" */;
			buildPhases = (
				FB68714DD6ACD09120A86A47 /* [CP] Check Pods Manifest.lock */,
				37E07DF327E7B1FB00D41DEE /* Sources */,
				37E07DF427E7B1FB00D41DEE /* Frameworks */,
				37E07DF527E7B1FB00D41DEE /* Resources */,
			);
			buildRules = (
			);
			dependencies = (
				37E07DF927E7B1FB00D41DEE /* PBXTargetDependency */,
			);
			name = "JSON-placeholder-iosTests";
			productName = "JSON-placeholder-iosTests";
			productReference = 37E07DF727E7B1FB00D41DEE /* JSON-placeholder-iosTests.xctest */;
			productType = "com.apple.product-type.bundle.unit-test";
		};
		37E07E0027E7B1FB00D41DEE /* JSON-placeholder-iosUITests */ = {
			isa = PBXNativeTarget;
			buildConfigurationList = 37E07E1127E7B1FB00D41DEE /* Build configuration list for PBXNativeTarget "JSON-placeholder-iosUITests" */;
			buildPhases = (
				34E77F980C8E15025F26F1AB /* [CP] Check Pods Manifest.lock */,
				37E07DFD27E7B1FB00D41DEE /* Sources */,
				37E07DFE27E7B1FB00D41DEE /* Frameworks */,
				37E07DFF27E7B1FB00D41DEE /* Resources */,
				25E146657C8C05A7AA8325E3 /* [CP] Embed Pods Frameworks */,
			);
			buildRules = (
			);
			dependencies = (
				37E07E0327E7B1FB00D41DEE /* PBXTargetDependency */,
			);
			name = "JSON-placeholder-iosUITests";
			productName = "JSON-placeholder-iosUITests";
			productReference = 37E07E0127E7B1FB00D41DEE /* JSON-placeholder-iosUITests.xctest */;
			productType = "com.apple.product-type.bundle.ui-testing";
		};
/* End PBXNativeTarget section */

/* Begin PBXProject section */
		37E07DDF27E7B1F800D41DEE /* Project object */ = {
			isa = PBXProject;
			attributes = {
				BuildIndependentTargetsInParallel = 1;
				LastSwiftUpdateCheck = 1330;
				LastUpgradeCheck = 1330;
				TargetAttributes = {
					37E07DE627E7B1F800D41DEE = {
						CreatedOnToolsVersion = 13.3;
					};
					37E07DF627E7B1FB00D41DEE = {
						CreatedOnToolsVersion = 13.3;
						TestTargetID = 37E07DE627E7B1F800D41DEE;
					};
					37E07E0027E7B1FB00D41DEE = {
						CreatedOnToolsVersion = 13.3;
						TestTargetID = 37E07DE627E7B1F800D41DEE;
					};
				};
			};
			buildConfigurationList = 37E07DE227E7B1F800D41DEE /* Build configuration list for PBXProject "JSON-placeholder-ios" */;
			compatibilityVersion = "Xcode 13.0";
			developmentRegion = en;
			hasScannedForEncodings = 0;
			knownRegions = (
				en,
				Base,
			);
			mainGroup = 37E07DDE27E7B1F800D41DEE;
			productRefGroup = 37E07DE827E7B1F800D41DEE /* Products */;
			projectDirPath = "";
			projectRoot = "";
			targets = (
				37E07DE627E7B1F800D41DEE /* JSON-placeholder-ios */,
				37E07DF627E7B1FB00D41DEE /* JSON-placeholder-iosTests */,
				37E07E0027E7B1FB00D41DEE /* JSON-placeholder-iosUITests */,
			);
		};
/* End PBXProject section */

/* Begin PBXResourcesBuildPhase section */
		37E07DE527E7B1F800D41DEE /* Resources */ = {
			isa = PBXResourcesBuildPhase;
			buildActionMask = 2147483647;
			files = (
				37F2C2F227E7FEC90059DA00 /* home.png in Resources */,
				37F2C2F427E7FF120059DA00 /* description.png in Resources */,
				37F2C2ED27E7FB6C0059DA00 /* README.md in Resources */,
				37E07DF227E7B1FB00D41DEE /* Preview Assets.xcassets in Resources */,
				37E07DEF27E7B1FB00D41DEE /* Assets.xcassets in Resources */,
				37F2C2F627E7FF300059DA00 /* deleting.png in Resources */,
			);
			runOnlyForDeploymentPostprocessing = 0;
		};
		37E07DF527E7B1FB00D41DEE /* Resources */ = {
			isa = PBXResourcesBuildPhase;
			buildActionMask = 2147483647;
			files = (
			);
			runOnlyForDeploymentPostprocessing = 0;
		};
		37E07DFF27E7B1FB00D41DEE /* Resources */ = {
			isa = PBXResourcesBuildPhase;
			buildActionMask = 2147483647;
			files = (
			);
			runOnlyForDeploymentPostprocessing = 0;
		};
/* End PBXResourcesBuildPhase section */

/* Begin PBXShellScriptBuildPhase section */
		25E146657C8C05A7AA8325E3 /* [CP] Embed Pods Frameworks */ = {
			isa = PBXShellScriptBuildPhase;
			buildActionMask = 2147483647;
			files = (
			);
			inputFileListPaths = (
				"${PODS_ROOT}/Target Support Files/Pods-JSON-placeholder-ios-JSON-placeholder-iosUITests/Pods-JSON-placeholder-ios-JSON-placeholder-iosUITests-frameworks-${CONFIGURATION}-input-files.xcfilelist",
			);
			name = "[CP] Embed Pods Frameworks";
			outputFileListPaths = (
				"${PODS_ROOT}/Target Support Files/Pods-JSON-placeholder-ios-JSON-placeholder-iosUITests/Pods-JSON-placeholder-ios-JSON-placeholder-iosUITests-frameworks-${CONFIGURATION}-output-files.xcfilelist",
			);
			runOnlyForDeploymentPostprocessing = 0;
			shellPath = /bin/sh;
			shellScript = "\"${PODS_ROOT}/Target Support Files/Pods-JSON-placeholder-ios-JSON-placeholder-iosUITests/Pods-JSON-placeholder-ios-JSON-placeholder-iosUITests-frameworks.sh\"\n";
			showEnvVarsInLog = 0;
		};
		34E77F980C8E15025F26F1AB /* [CP] Check Pods Manifest.lock */ = {
			isa = PBXShellScriptBuildPhase;
			buildActionMask = 2147483647;
			files = (
			);
			inputFileListPaths = (
			);
			inputPaths = (
				"${PODS_PODFILE_DIR_PATH}/Podfile.lock",
				"${PODS_ROOT}/Manifest.lock",
			);
			name = "[CP] Check Pods Manifest.lock";
			outputFileListPaths = (
			);
			outputPaths = (
				"$(DERIVED_FILE_DIR)/Pods-JSON-placeholder-ios-JSON-placeholder-iosUITests-checkManifestLockResult.txt",
			);
			runOnlyForDeploymentPostprocessing = 0;
			shellPath = /bin/sh;
			shellScript = "diff \"${PODS_PODFILE_DIR_PATH}/Podfile.lock\" \"${PODS_ROOT}/Manifest.lock\" > /dev/null\nif [ $? != 0 ] ; then\n    # print error to STDERR\n    echo \"error: The sandbox is not in sync with the Podfile.lock. Run 'pod install' or update your CocoaPods installation.\" >&2\n    exit 1\nfi\n# This output is used by Xcode 'outputs' to avoid re-running this script phase.\necho \"SUCCESS\" > \"${SCRIPT_OUTPUT_FILE_0}\"\n";
			showEnvVarsInLog = 0;
		};
		62B2D731D48FB56B9C75BCB3 /* [CP] Check Pods Manifest.lock */ = {
			isa = PBXShellScriptBuildPhase;
			buildActionMask = 2147483647;
			files = (
			);
			inputFileListPaths = (
			);
			inputPaths = (
				"${PODS_PODFILE_DIR_PATH}/Podfile.lock",
				"${PODS_ROOT}/Manifest.lock",
			);
			name = "[CP] Check Pods Manifest.lock";
			outputFileListPaths = (
			);
			outputPaths = (
				"$(DERIVED_FILE_DIR)/Pods-JSON-placeholder-ios-checkManifestLockResult.txt",
			);
			runOnlyForDeploymentPostprocessing = 0;
			shellPath = /bin/sh;
			shellScript = "diff \"${PODS_PODFILE_DIR_PATH}/Podfile.lock\" \"${PODS_ROOT}/Manifest.lock\" > /dev/null\nif [ $? != 0 ] ; then\n    # print error to STDERR\n    echo \"error: The sandbox is not in sync with the Podfile.lock. Run 'pod install' or update your CocoaPods installation.\" >&2\n    exit 1\nfi\n# This output is used by Xcode 'outputs' to avoid re-running this script phase.\necho \"SUCCESS\" > \"${SCRIPT_OUTPUT_FILE_0}\"\n";
			showEnvVarsInLog = 0;
		};
		9067AB5205CB2A4AC9EFFF17 /* [CP] Embed Pods Frameworks */ = {
			isa = PBXShellScriptBuildPhase;
			buildActionMask = 2147483647;
			files = (
			);
			inputFileListPaths = (
				"${PODS_ROOT}/Target Support Files/Pods-JSON-placeholder-ios/Pods-JSON-placeholder-ios-frameworks-${CONFIGURATION}-input-files.xcfilelist",
			);
			name = "[CP] Embed Pods Frameworks";
			outputFileListPaths = (
				"${PODS_ROOT}/Target Support Files/Pods-JSON-placeholder-ios/Pods-JSON-placeholder-ios-frameworks-${CONFIGURATION}-output-files.xcfilelist",
			);
			runOnlyForDeploymentPostprocessing = 0;
			shellPath = /bin/sh;
			shellScript = "\"${PODS_ROOT}/Target Support Files/Pods-JSON-placeholder-ios/Pods-JSON-placeholder-ios-frameworks.sh\"\n";
			showEnvVarsInLog = 0;
		};
		FB68714DD6ACD09120A86A47 /* [CP] Check Pods Manifest.lock */ = {
			isa = PBXShellScriptBuildPhase;
			buildActionMask = 2147483647;
			files = (
			);
			inputFileListPaths = (
			);
			inputPaths = (
				"${PODS_PODFILE_DIR_PATH}/Podfile.lock",
				"${PODS_ROOT}/Manifest.lock",
			);
			name = "[CP] Check Pods Manifest.lock";
			outputFileListPaths = (
			);
			outputPaths = (
				"$(DERIVED_FILE_DIR)/Pods-JSON-placeholder-iosTests-checkManifestLockResult.txt",
			);
			runOnlyForDeploymentPostprocessing = 0;
			shellPath = /bin/sh;
			shellScript = "diff \"${PODS_PODFILE_DIR_PATH}/Podfile.lock\" \"${PODS_ROOT}/Manifest.lock\" > /dev/null\nif [ $? != 0 ] ; then\n    # print error to STDERR\n    echo \"error: The sandbox is not in sync with the Podfile.lock. Run 'pod install' or update your CocoaPods installation.\" >&2\n    exit 1\nfi\n# This output is used by Xcode 'outputs' to avoid re-running this script phase.\necho \"SUCCESS\" > \"${SCRIPT_OUTPUT_FILE_0}\"\n";
			showEnvVarsInLog = 0;
		};
/* End PBXShellScriptBuildPhase section */

/* Begin PBXSourcesBuildPhase section */
		37E07DE327E7B1F800D41DEE /* Sources */ = {
			isa = PBXSourcesBuildPhase;
			buildActionMask = 2147483647;
			files = (
				37F2C2DF27E7B7810059DA00 /* UserDefaultsManager.swift in Sources */,
				37F2C2E727E7C73D0059DA00 /* HomeViewModel.swift in Sources */,
				37F2C2D827E7B58E0059DA00 /* Post.swift in Sources */,
				37F2C2E527E7C24F0059DA00 /* PostOverview.swift in Sources */,
				37F2C2EB27E7D5A90059DA00 /* PostOverviewViewModel.swift in Sources */,
				37E07DED27E7B1F800D41DEE /* ContentView.swift in Sources */,
				37E07DEB27E7B1F800D41DEE /* JSON_placeholder_iosApp.swift in Sources */,
				37F2C2E927E7C7C50059DA00 /* JSONPlaceholderMappings.swift in Sources */,
				37F2C2DC27E7B63C0059DA00 /* User.swift in Sources */,
				37F2C2DA27E7B5EE0059DA00 /* Comment.swift in Sources */,
				37F2C2E327E7BC9D0059DA00 /* Home.swift in Sources */,
			);
			runOnlyForDeploymentPostprocessing = 0;
		};
		37E07DF327E7B1FB00D41DEE /* Sources */ = {
			isa = PBXSourcesBuildPhase;
			buildActionMask = 2147483647;
			files = (
				37E07DFC27E7B1FB00D41DEE /* JSON_placeholder_iosTests.swift in Sources */,
			);
			runOnlyForDeploymentPostprocessing = 0;
		};
		37E07DFD27E7B1FB00D41DEE /* Sources */ = {
			isa = PBXSourcesBuildPhase;
			buildActionMask = 2147483647;
			files = (
				37E07E0827E7B1FB00D41DEE /* JSON_placeholder_iosUITestsLaunchTests.swift in Sources */,
				37E07E0627E7B1FB00D41DEE /* JSON_placeholder_iosUITests.swift in Sources */,
			);
			runOnlyForDeploymentPostprocessing = 0;
		};
/* End PBXSourcesBuildPhase section */

/* Begin PBXTargetDependency section */
		37E07DF927E7B1FB00D41DEE /* PBXTargetDependency */ = {
			isa = PBXTargetDependency;
			target = 37E07DE627E7B1F800D41DEE /* JSON-placeholder-ios */;
			targetProxy = 37E07DF827E7B1FB00D41DEE /* PBXContainerItemProxy */;
		};
		37E07E0327E7B1FB00D41DEE /* PBXTargetDependency */ = {
			isa = PBXTargetDependency;
			target = 37E07DE627E7B1F800D41DEE /* JSON-placeholder-ios */;
			targetProxy = 37E07E0227E7B1FB00D41DEE /* PBXContainerItemProxy */;
		};
/* End PBXTargetDependency section */

/* Begin XCBuildConfiguration section */
		37E07E0927E7B1FB00D41DEE /* Debug */ = {
			isa = XCBuildConfiguration;
			buildSettings = {
				ALWAYS_SEARCH_USER_PATHS = NO;
				CLANG_ANALYZER_NONNULL = YES;
				CLANG_ANALYZER_NUMBER_OBJECT_CONVERSION = YES_AGGRESSIVE;
				CLANG_CXX_LANGUAGE_STANDARD = "gnu++17";
				CLANG_ENABLE_MODULES = YES;
				CLANG_ENABLE_OBJC_ARC = YES;
				CLANG_ENABLE_OBJC_WEAK = YES;
				CLANG_WARN_BLOCK_CAPTURE_AUTORELEASING = YES;
				CLANG_WARN_BOOL_CONVERSION = YES;
				CLANG_WARN_COMMA = YES;
				CLANG_WARN_CONSTANT_CONVERSION = YES;
				CLANG_WARN_DEPRECATED_OBJC_IMPLEMENTATIONS = YES;
				CLANG_WARN_DIRECT_OBJC_ISA_USAGE = YES_ERROR;
				CLANG_WARN_DOCUMENTATION_COMMENTS = YES;
				CLANG_WARN_EMPTY_BODY = YES;
				CLANG_WARN_ENUM_CONVERSION = YES;
				CLANG_WARN_INFINITE_RECURSION = YES;
				CLANG_WARN_INT_CONVERSION = YES;
				CLANG_WARN_NON_LITERAL_NULL_CONVERSION = YES;
				CLANG_WARN_OBJC_IMPLICIT_RETAIN_SELF = YES;
				CLANG_WARN_OBJC_LITERAL_CONVERSION = YES;
				CLANG_WARN_OBJC_ROOT_CLASS = YES_ERROR;
				CLANG_WARN_QUOTED_INCLUDE_IN_FRAMEWORK_HEADER = YES;
				CLANG_WARN_RANGE_LOOP_ANALYSIS = YES;
				CLANG_WARN_STRICT_PROTOTYPES = YES;
				CLANG_WARN_SUSPICIOUS_MOVE = YES;
				CLANG_WARN_UNGUARDED_AVAILABILITY = YES_AGGRESSIVE;
				CLANG_WARN_UNREACHABLE_CODE = YES;
				CLANG_WARN__DUPLICATE_METHOD_MATCH = YES;
				COPY_PHASE_STRIP = NO;
				DEBUG_INFORMATION_FORMAT = dwarf;
				ENABLE_STRICT_OBJC_MSGSEND = YES;
				ENABLE_TESTABILITY = YES;
				GCC_C_LANGUAGE_STANDARD = gnu11;
				GCC_DYNAMIC_NO_PIC = NO;
				GCC_NO_COMMON_BLOCKS = YES;
				GCC_OPTIMIZATION_LEVEL = 0;
				GCC_PREPROCESSOR_DEFINITIONS = (
					"DEBUG=1",
					"$(inherited)",
				);
				GCC_WARN_64_TO_32_BIT_CONVERSION = YES;
				GCC_WARN_ABOUT_RETURN_TYPE = YES_ERROR;
				GCC_WARN_UNDECLARED_SELECTOR = YES;
				GCC_WARN_UNINITIALIZED_AUTOS = YES_AGGRESSIVE;
				GCC_WARN_UNUSED_FUNCTION = YES;
				GCC_WARN_UNUSED_VARIABLE = YES;
				IPHONEOS_DEPLOYMENT_TARGET = 15.4;
				MTL_ENABLE_DEBUG_INFO = INCLUDE_SOURCE;
				MTL_FAST_MATH = YES;
				ONLY_ACTIVE_ARCH = YES;
				SDKROOT = iphoneos;
				SWIFT_ACTIVE_COMPILATION_CONDITIONS = DEBUG;
				SWIFT_OPTIMIZATION_LEVEL = "-Onone";
			};
			name = Debug;
		};
		37E07E0A27E7B1FB00D41DEE /* Release */ = {
			isa = XCBuildConfiguration;
			buildSettings = {
				ALWAYS_SEARCH_USER_PATHS = NO;
				CLANG_ANALYZER_NONNULL = YES;
				CLANG_ANALYZER_NUMBER_OBJECT_CONVERSION = YES_AGGRESSIVE;
				CLANG_CXX_LANGUAGE_STANDARD = "gnu++17";
				CLANG_ENABLE_MODULES = YES;
				CLANG_ENABLE_OBJC_ARC = YES;
				CLANG_ENABLE_OBJC_WEAK = YES;
				CLANG_WARN_BLOCK_CAPTURE_AUTORELEASING = YES;
				CLANG_WARN_BOOL_CONVERSION = YES;
				CLANG_WARN_COMMA = YES;
				CLANG_WARN_CONSTANT_CONVERSION = YES;
				CLANG_WARN_DEPRECATED_OBJC_IMPLEMENTATIONS = YES;
				CLANG_WARN_DIRECT_OBJC_ISA_USAGE = YES_ERROR;
				CLANG_WARN_DOCUMENTATION_COMMENTS = YES;
				CLANG_WARN_EMPTY_BODY = YES;
				CLANG_WARN_ENUM_CONVERSION = YES;
				CLANG_WARN_INFINITE_RECURSION = YES;
				CLANG_WARN_INT_CONVERSION = YES;
				CLANG_WARN_NON_LITERAL_NULL_CONVERSION = YES;
				CLANG_WARN_OBJC_IMPLICIT_RETAIN_SELF = YES;
				CLANG_WARN_OBJC_LITERAL_CONVERSION = YES;
				CLANG_WARN_OBJC_ROOT_CLASS = YES_ERROR;
				CLANG_WARN_QUOTED_INCLUDE_IN_FRAMEWORK_HEADER = YES;
				CLANG_WARN_RANGE_LOOP_ANALYSIS = YES;
				CLANG_WARN_STRICT_PROTOTYPES = YES;
				CLANG_WARN_SUSPICIOUS_MOVE = YES;
				CLANG_WARN_UNGUARDED_AVAILABILITY = YES_AGGRESSIVE;
				CLANG_WARN_UNREACHABLE_CODE = YES;
				CLANG_WARN__DUPLICATE_METHOD_MATCH = YES;
				COPY_PHASE_STRIP = NO;
				DEBUG_INFORMATION_FORMAT = "dwarf-with-dsym";
				ENABLE_NS_ASSERTIONS = NO;
				ENABLE_STRICT_OBJC_MSGSEND = YES;
				GCC_C_LANGUAGE_STANDARD = gnu11;
				GCC_NO_COMMON_BLOCKS = YES;
				GCC_WARN_64_TO_32_BIT_CONVERSION = YES;
				GCC_WARN_ABOUT_RETURN_TYPE = YES_ERROR;
				GCC_WARN_UNDECLARED_SELECTOR = YES;
				GCC_WARN_UNINITIALIZED_AUTOS = YES_AGGRESSIVE;
				GCC_WARN_UNUSED_FUNCTION = YES;
				GCC_WARN_UNUSED_VARIABLE = YES;
				IPHONEOS_DEPLOYMENT_TARGET = 15.4;
				MTL_ENABLE_DEBUG_INFO = NO;
				MTL_FAST_MATH = YES;
				SDKROOT = iphoneos;
				SWIFT_COMPILATION_MODE = wholemodule;
				SWIFT_OPTIMIZATION_LEVEL = "-O";
				VALIDATE_PRODUCT = YES;
			};
			name = Release;
		};
		37E07E0C27E7B1FB00D41DEE /* Debug */ = {
			isa = XCBuildConfiguration;
			baseConfigurationReference = 2AF8F84792B03BEFFB6B4AB9 /* Pods-JSON-placeholder-ios.debug.xcconfig */;
			buildSettings = {
				ASSETCATALOG_COMPILER_APPICON_NAME = AppIcon;
				ASSETCATALOG_COMPILER_GLOBAL_ACCENT_COLOR_NAME = AccentColor;
				CODE_SIGN_STYLE = Automatic;
				CURRENT_PROJECT_VERSION = 1;
				DEVELOPMENT_ASSET_PATHS = "\"JSON-placeholder-ios/Preview Content\"";
				DEVELOPMENT_TEAM = V7FDLKU29J;
				ENABLE_PREVIEWS = YES;
				GENERATE_INFOPLIST_FILE = YES;
				INFOPLIST_KEY_UIApplicationSceneManifest_Generation = YES;
				INFOPLIST_KEY_UIApplicationSupportsIndirectInputEvents = YES;
				INFOPLIST_KEY_UILaunchScreen_Generation = YES;
				INFOPLIST_KEY_UISupportedInterfaceOrientations_iPad = "UIInterfaceOrientationPortrait UIInterfaceOrientationPortraitUpsideDown UIInterfaceOrientationLandscapeLeft UIInterfaceOrientationLandscapeRight";
				INFOPLIST_KEY_UISupportedInterfaceOrientations_iPhone = "UIInterfaceOrientationPortrait UIInterfaceOrientationLandscapeLeft UIInterfaceOrientationLandscapeRight";
				LD_RUNPATH_SEARCH_PATHS = (
					"$(inherited)",
					"@executable_path/Frameworks",
				);
				MARKETING_VERSION = 1.0;
				PRODUCT_BUNDLE_IDENTIFIER = "Paolinsky.JSON-placeholder-ios";
				PRODUCT_NAME = "$(TARGET_NAME)";
				SWIFT_EMIT_LOC_STRINGS = YES;
				SWIFT_VERSION = 5.0;
				TARGETED_DEVICE_FAMILY = "1,2";
			};
			name = Debug;
		};
		37E07E0D27E7B1FB00D41DEE /* Release */ = {
			isa = XCBuildConfiguration;
			baseConfigurationReference = 7CDBB3F18B143569AE791A32 /* Pods-JSON-placeholder-ios.release.xcconfig */;
			buildSettings = {
				ASSETCATALOG_COMPILER_APPICON_NAME = AppIcon;
				ASSETCATALOG_COMPILER_GLOBAL_ACCENT_COLOR_NAME = AccentColor;
				CODE_SIGN_STYLE = Automatic;
				CURRENT_PROJECT_VERSION = 1;
				DEVELOPMENT_ASSET_PATHS = "\"JSON-placeholder-ios/Preview Content\"";
				DEVELOPMENT_TEAM = V7FDLKU29J;
				ENABLE_PREVIEWS = YES;
				GENERATE_INFOPLIST_FILE = YES;
				INFOPLIST_KEY_UIApplicationSceneManifest_Generation = YES;
				INFOPLIST_KEY_UIApplicationSupportsIndirectInputEvents = YES;
				INFOPLIST_KEY_UILaunchScreen_Generation = YES;
				INFOPLIST_KEY_UISupportedInterfaceOrientations_iPad = "UIInterfaceOrientationPortrait UIInterfaceOrientationPortraitUpsideDown UIInterfaceOrientationLandscapeLeft UIInterfaceOrientationLandscapeRight";
				INFOPLIST_KEY_UISupportedInterfaceOrientations_iPhone = "UIInterfaceOrientationPortrait UIInterfaceOrientationLandscapeLeft UIInterfaceOrientationLandscapeRight";
				LD_RUNPATH_SEARCH_PATHS = (
					"$(inherited)",
					"@executable_path/Frameworks",
				);
				MARKETING_VERSION = 1.0;
				PRODUCT_BUNDLE_IDENTIFIER = "Paolinsky.JSON-placeholder-ios";
				PRODUCT_NAME = "$(TARGET_NAME)";
				SWIFT_EMIT_LOC_STRINGS = YES;
				SWIFT_VERSION = 5.0;
				TARGETED_DEVICE_FAMILY = "1,2";
			};
			name = Release;
		};
		37E07E0F27E7B1FB00D41DEE /* Debug */ = {
			isa = XCBuildConfiguration;
			baseConfigurationReference = 2474180C79D46BECFC76051B /* Pods-JSON-placeholder-iosTests.debug.xcconfig */;
			buildSettings = {
				ALWAYS_EMBED_SWIFT_STANDARD_LIBRARIES = YES;
				BUNDLE_LOADER = "$(TEST_HOST)";
				CODE_SIGN_STYLE = Automatic;
				CURRENT_PROJECT_VERSION = 1;
				DEVELOPMENT_TEAM = V7FDLKU29J;
				GENERATE_INFOPLIST_FILE = YES;
				IPHONEOS_DEPLOYMENT_TARGET = 15.4;
				MARKETING_VERSION = 1.0;
				PRODUCT_BUNDLE_IDENTIFIER = "Paolinsky.JSON-placeholder-iosTests";
				PRODUCT_NAME = "$(TARGET_NAME)";
				SWIFT_EMIT_LOC_STRINGS = NO;
				SWIFT_VERSION = 5.0;
				TARGETED_DEVICE_FAMILY = "1,2";
				TEST_HOST = "$(BUILT_PRODUCTS_DIR)/JSON-placeholder-ios.app/JSON-placeholder-ios";
			};
			name = Debug;
		};
		37E07E1027E7B1FB00D41DEE /* Release */ = {
			isa = XCBuildConfiguration;
			baseConfigurationReference = 6929E5C0F79C224027DBEE50 /* Pods-JSON-placeholder-iosTests.release.xcconfig */;
			buildSettings = {
				ALWAYS_EMBED_SWIFT_STANDARD_LIBRARIES = YES;
				BUNDLE_LOADER = "$(TEST_HOST)";
				CODE_SIGN_STYLE = Automatic;
				CURRENT_PROJECT_VERSION = 1;
				DEVELOPMENT_TEAM = V7FDLKU29J;
				GENERATE_INFOPLIST_FILE = YES;
				IPHONEOS_DEPLOYMENT_TARGET = 15.4;
				MARKETING_VERSION = 1.0;
				PRODUCT_BUNDLE_IDENTIFIER = "Paolinsky.JSON-placeholder-iosTests";
				PRODUCT_NAME = "$(TARGET_NAME)";
				SWIFT_EMIT_LOC_STRINGS = NO;
				SWIFT_VERSION = 5.0;
				TARGETED_DEVICE_FAMILY = "1,2";
				TEST_HOST = "$(BUILT_PRODUCTS_DIR)/JSON-placeholder-ios.app/JSON-placeholder-ios";
			};
			name = Release;
		};
		37E07E1227E7B1FB00D41DEE /* Debug */ = {
			isa = XCBuildConfiguration;
			baseConfigurationReference = 4AFBABFE426E461A27D7D0C8 /* Pods-JSON-placeholder-ios-JSON-placeholder-iosUITests.debug.xcconfig */;
			buildSettings = {
				ALWAYS_EMBED_SWIFT_STANDARD_LIBRARIES = YES;
				CODE_SIGN_STYLE = Automatic;
				CURRENT_PROJECT_VERSION = 1;
				DEVELOPMENT_TEAM = V7FDLKU29J;
				GENERATE_INFOPLIST_FILE = YES;
				MARKETING_VERSION = 1.0;
				PRODUCT_BUNDLE_IDENTIFIER = "Paolinsky.JSON-placeholder-iosUITests";
				PRODUCT_NAME = "$(TARGET_NAME)";
				SWIFT_EMIT_LOC_STRINGS = NO;
				SWIFT_VERSION = 5.0;
				TARGETED_DEVICE_FAMILY = "1,2";
				TEST_TARGET_NAME = "JSON-placeholder-ios";
			};
			name = Debug;
		};
		37E07E1327E7B1FB00D41DEE /* Release */ = {
			isa = XCBuildConfiguration;
			baseConfigurationReference = F808DB4B7494818A2087E46F /* Pods-JSON-placeholder-ios-JSON-placeholder-iosUITests.release.xcconfig */;
			buildSettings = {
				ALWAYS_EMBED_SWIFT_STANDARD_LIBRARIES = YES;
				CODE_SIGN_STYLE = Automatic;
				CURRENT_PROJECT_VERSION = 1;
				DEVELOPMENT_TEAM = V7FDLKU29J;
				GENERATE_INFOPLIST_FILE = YES;
				MARKETING_VERSION = 1.0;
				PRODUCT_BUNDLE_IDENTIFIER = "Paolinsky.JSON-placeholder-iosUITests";
				PRODUCT_NAME = "$(TARGET_NAME)";
				SWIFT_EMIT_LOC_STRINGS = NO;
				SWIFT_VERSION = 5.0;
				TARGETED_DEVICE_FAMILY = "1,2";
				TEST_TARGET_NAME = "JSON-placeholder-ios";
			};
			name = Release;
		};
/* End XCBuildConfiguration section */

/* Begin XCConfigurationList section */
		37E07DE227E7B1F800D41DEE /* Build configuration list for PBXProject "JSON-placeholder-ios" */ = {
			isa = XCConfigurationList;
			buildConfigurations = (
				37E07E0927E7B1FB00D41DEE /* Debug */,
				37E07E0A27E7B1FB00D41DEE /* Release */,
			);
			defaultConfigurationIsVisible = 0;
			defaultConfigurationName = Release;
		};
		37E07E0B27E7B1FB00D41DEE /* Build configuration list for PBXNativeTarget "JSON-placeholder-ios" */ = {
			isa = XCConfigurationList;
			buildConfigurations = (
				37E07E0C27E7B1FB00D41DEE /* Debug */,
				37E07E0D27E7B1FB00D41DEE /* Release */,
			);
			defaultConfigurationIsVisible = 0;
			defaultConfigurationName = Release;
		};
		37E07E0E27E7B1FB00D41DEE /* Build configuration list for PBXNativeTarget "JSON-placeholder-iosTests" */ = {
			isa = XCConfigurationList;
			buildConfigurations = (
				37E07E0F27E7B1FB00D41DEE /* Debug */,
				37E07E1027E7B1FB00D41DEE /* Release */,
			);
			defaultConfigurationIsVisible = 0;
			defaultConfigurationName = Release;
		};
		37E07E1127E7B1FB00D41DEE /* Build configuration list for PBXNativeTarget "JSON-placeholder-iosUITests" */ = {
			isa = XCConfigurationList;
			buildConfigurations = (
				37E07E1227E7B1FB00D41DEE /* Debug */,
				37E07E1327E7B1FB00D41DEE /* Release */,
			);
			defaultConfigurationIsVisible = 0;
			defaultConfigurationName = Release;
		};
/* End XCConfigurationList section */
	};
	rootObject = 37E07DDF27E7B1F800D41DEE /* Project object */;
}
